
Microsoft Visual Studio Solution File, Format Version 12.00
# Visual Studio Version 16
VisualStudioVersion = 16.0.32002.261
MinimumVisualStudioVersion = 10.0.40219.1
Project("{FAE04EC0-301F-11D3-BF4B-00C04F79EFBC}") = "EnumExercise", "EnumExercise\EnumExercise.csproj", "{3F1B3B97-FDDB-42E8-94D8-3798028333F0}"
EndProject
Global
	GlobalSection(SolutionConfigurationPlatforms) = preSolution
		Debug|Any CPU = Debug|Any CPU
		Release|Any CPU = Release|Any CPU
	EndGlobalSection
	GlobalSection(ProjectConfigurationPlatforms) = postSolution
		{3F1B3B97-FDDB-42E8-94D8-3798028333F0}.Debug|Any CPU.ActiveCfg = Debug|Any CPU
		{3F1B3B97-FDDB-42E8-94D8-3798028333F0}.Debug|Any CPU.Build.0 = Debug|Any CPU
		{3F1B3B97-FDDB-42E8-94D8-3798028333F0}.Release|Any CPU.ActiveCfg = Release|Any CPU
		{3F1B3B97-FDDB-42E8-94D8-3798028333F0}.Release|Any CPU.Build.0 = Release|Any CPU
	EndGlobalSection
	GlobalSection(SolutionProperties) = preSolution
		HideSolutionNode = FALSE
	EndGlobalSection
	GlobalSection(ExtensibilityGlobals) = postSolution
		SolutionGuid = {B74C0F37-D53E-43B3-B701-EAD26F507D10}
	EndGlobalSection
EndGlobal
